
Microsoft Visual Studio Solution File, Format Version 12.00
# Visual Studio 15
VisualStudioVersion = 15.0.28307.645
MinimumVisualStudioVersion = 10.0.40219.1
Project("{9A19103F-16F7-4668-BE54-9A1E7A4F7556}") = "VirtualPet", "VirtualPet\VirtualPet.csproj", "{830AFB57-DF81-46C3-B8B0-0A5ED2E96AA4}"
EndProject
Project("{9A19103F-16F7-4668-BE54-9A1E7A4F7556}") = "VirtualPet.Tests", "virtualPetTest\VirtualPet.Tests.csproj", "{28C090C6-AC82-4559-888B-10C9B7524625}"
EndProject
Global
	GlobalSection(SolutionConfigurationPlatforms) = preSolution
		Debug|Any CPU = Debug|Any CPU
		Release|Any CPU = Release|Any CPU
	EndGlobalSection
	GlobalSection(ProjectConfigurationPlatforms) = postSolution
		{830AFB57-DF81-46C3-B8B0-0A5ED2E96AA4}.Debug|Any CPU.ActiveCfg = Debug|Any CPU
		{830AFB57-DF81-46C3-B8B0-0A5ED2E96AA4}.Debug|Any CPU.Build.0 = Debug|Any CPU
		{830AFB57-DF81-46C3-B8B0-0A5ED2E96AA4}.Release|Any CPU.ActiveCfg = Release|Any CPU
		{830AFB57-DF81-46C3-B8B0-0A5ED2E96AA4}.Release|Any CPU.Build.0 = Release|Any CPU
		{28C090C6-AC82-4559-888B-10C9B7524625}.Debug|Any CPU.ActiveCfg = Debug|Any CPU
		{28C090C6-AC82-4559-888B-10C9B7524625}.Debug|Any CPU.Build.0 = Debug|Any CPU
		{28C090C6-AC82-4559-888B-10C9B7524625}.Release|Any CPU.ActiveCfg = Release|Any CPU
		{28C090C6-AC82-4559-888B-10C9B7524625}.Release|Any CPU.Build.0 = Release|Any CPU
	EndGlobalSection
	GlobalSection(SolutionProperties) = preSolution
		HideSolutionNode = FALSE
	EndGlobalSection
	GlobalSection(ExtensibilityGlobals) = postSolution
		SolutionGuid = {73BDE7F4-4F02-43F7-9B8B-3947660D4B0D}
	EndGlobalSection
EndGlobal
